
Microsoft Visual Studio Solution File, Format Version 12.00
# Visual Studio Version 17
VisualStudioVersion = 17.13.35931.197 d17.13
MinimumVisualStudioVersion = 10.0.40219.1
Project("{FAE04EC0-301F-11D3-BF4B-00C04F79EFBC}") = "BookStore(mvc)", "BookStore(mvc).csproj", "{AC86E4D5-83CC-4882-90CD-125C00A38B88}"
EndProject
Global
	GlobalSection(SolutionConfigurationPlatforms) = preSolution
		Debug|Any CPU = Debug|Any CPU
		Release|Any CPU = Release|Any CPU
	EndGlobalSection
	GlobalSection(ProjectConfigurationPlatforms) = postSolution
		{AC86E4D5-83CC-4882-90CD-125C00A38B88}.Debug|Any CPU.ActiveCfg = Debug|Any CPU
		{AC86E4D5-83CC-4882-90CD-125C00A38B88}.Debug|Any CPU.Build.0 = Debug|Any CPU
		{AC86E4D5-83CC-4882-90CD-125C00A38B88}.Release|Any CPU.ActiveCfg = Release|Any CPU
		{AC86E4D5-83CC-4882-90CD-125C00A38B88}.Release|Any CPU.Build.0 = Release|Any CPU
	EndGlobalSection
	GlobalSection(SolutionProperties) = preSolution
		HideSolutionNode = FALSE
	EndGlobalSection
	GlobalSection(ExtensibilityGlobals) = postSolution
		SolutionGuid = {8E3203CD-4999-4E5E-A383-E08CB292BC3B}
	EndGlobalSection
EndGlobal
